Microsoft Visual Studio Solution File, Format Version 11.00
# Visual Studio 2008

Project("{FF9AEB8F-8B4C-8E95-4DFC-C0FA12179E14}") = "Lost Kingdom", "Assembly-CSharp.csproj", "{AB6C587C-B62F-0C29-32BD-E6B2FF215A11}"
EndProject
Global
	GlobalSection(SolutionConfigurationPlatforms) = preSolution
		Debug|Any CPU = Debug|Any CPU
		Release|Any CPU = Release|Any CPU
	EndGlobalSection
	GlobalSection(ProjectConfigurationPlatforms) = postSolution
		{AB6C587C-B62F-0C29-32BD-E6B2FF215A11}.Debug|Any CPU.ActiveCfg = Debug|Any CPU
		{AB6C587C-B62F-0C29-32BD-E6B2FF215A11}.Debug|Any CPU.Build.0 = Debug|Any CPU
		{AB6C587C-B62F-0C29-32BD-E6B2FF215A11}.Release|Any CPU.ActiveCfg = Release|Any CPU
		{AB6C587C-B62F-0C29-32BD-E6B2FF215A11}.Release|Any CPU.Build.0 = Release|Any CPU
	EndGlobalSection
	GlobalSection(SolutionProperties) = preSolution
		HideSolutionNode = FALSE
	EndGlobalSection
	GlobalSection(MonoDevelopProperties) = preSolution
		StartupItem = Assembly-CSharp.csproj
	EndGlobalSection
EndGlobal
